<?xml version="1.0" encoding="utf-8"?>
<Project ToolsVersion="4.0" xmlns="http://schemas.microsoft.com/developer/msbuild/2003">
  <ItemGroup>
    <Filter Include="ソース ファイル">
      <UniqueIdentifier>{4FC737F1-C7A5-4376-A066-2A32D752A2FF}</UniqueIdentifier>
      <Extensions>cpp;c;cc;cxx;c++;cppm;ixx;def;odl;idl;hpj;bat;asm;asmx</Extensions>
    </Filter>
    <Filter Include="ヘッダー ファイル">
      <UniqueIdentifier>{93995380-89BD-4b04-88EB-625FBE52EBFB}</UniqueIdentifier>
      <Extensions>h;hh;hpp;hxx;h++;hm;inl;inc;ipp;xsd</Extensions>
    </Filter>
    <Filter Include="リソース ファイル">
      <UniqueIdentifier>{67DA6AB6-F800-4c08-8B7A-83BB121AAD01}</UniqueIdentifier>
      <Extensions>rc;ico;cur;bmp;dlg;rc2;rct;bin;rgs;gif;jpg;jpeg;jpe;resx;tiff;tif;png;wav;mfcribbon-ms</Extensions>
    </Filter>
    <Filter Include="シェーダー ファイル">
      <UniqueIdentifier>{718c7f4c-fc51-40ad-a221-b9456a7a1a3c}</UniqueIdentifier>
    </Filter>
    <Filter Include="Scene">
      <UniqueIdentifier>{4bee35df-58aa-430a-afd2-1b4042d77d23}</UniqueIdentifier>
    </Filter>
    <Filter Include="Scene\Title">
      <UniqueIdentifier>{bd349c72-5691-4452-8538-470d91115ba0}</UniqueIdentifier>
    </Filter>
    <Filter Include="Scene\Game">
      <UniqueIdentifier>{803b60fb-a2dd-4d63-b401-35d96b917714}</UniqueIdentifier>
    </Filter>
    <Filter Include="Scene\Result">
      <UniqueIdentifier>{d5295278-0351-455e-9fa0-920fd8eb285a}</UniqueIdentifier>
    </Filter>
  </ItemGroup>
  <ItemGroup>
    <ClCompile Include="main.cpp">
      <Filter>ソース ファイル</Filter>
    </ClCompile>
    <ClCompile Include="mathStruct.cpp">
      <Filter>ソース ファイル</Filter>
    </ClCompile>
    <ClCompile Include="TitleScene.cpp">
      <Filter>Scene\Title</Filter>
    </ClCompile>
    <ClCompile Include="Enemy.cpp">
      <Filter>Scene\Game</Filter>
    </ClCompile>
    <ClCompile Include="EnemyBullet.cpp">
      <Filter>Scene\Game</Filter>
    </ClCompile>
    <ClCompile Include="GameScene.cpp">
      <Filter>Scene\Game</Filter>
    </ClCompile>
    <ClCompile Include="Player.cpp">
      <Filter>Scene\Game</Filter>
    </ClCompile>
    <ClCompile Include="PlayerBullet.cpp">
      <Filter>Scene\Game</Filter>
    </ClCompile>
    <ClCompile Include="ResultScene.cpp">
      <Filter>Scene\Result</Filter>
    </ClCompile>
    <ClCompile Include="SceneManager.cpp">
      <Filter>Scene</Filter>
    </ClCompile>
    <ClCompile Include="TitleLogo.cpp">
      <Filter>Scene\Title</Filter>
    </ClCompile>
  </ItemGroup>
  <ItemGroup>
    <FxCompile Include="Resources\shaders\SpritePS.hlsl">
      <Filter>シェーダー ファイル</Filter>
    </FxCompile>
    <FxCompile Include="Resources\shaders\SpriteVS.hlsl">
      <Filter>シェーダー ファイル</Filter>
    </FxCompile>
    <FxCompile Include="Resources\shaders\ShapeVS.hlsl">
      <Filter>シェーダー ファイル</Filter>
    </FxCompile>
    <FxCompile Include="Resources\shaders\ShapePS.hlsl">
      <Filter>シェーダー ファイル</Filter>
    </FxCompile>
    <FxCompile Include="Resources\shaders\ObjPS.hlsl">
      <Filter>シェーダー ファイル</Filter>
    </FxCompile>
    <FxCompile Include="Resources\shaders\ObjVS.hlsl">
      <Filter>シェーダー ファイル</Filter>
    </FxCompile>
    <FxCompile Include="Resources\shaders\PrimitivePS.hlsl">
      <Filter>シェーダー ファイル</Filter>
    </FxCompile>
    <FxCompile Include="Resources\shaders\PrimitiveVS.hlsl">
      <Filter>シェーダー ファイル</Filter>
    </FxCompile>
    <FxCompile Include="Resources\shaders\TerrainPS.hlsl">
      <Filter>シェーダー ファイル</Filter>
    </FxCompile>
    <FxCompile Include="Resources\shaders\TerrainVS.hlsl">
      <Filter>シェーダー ファイル</Filter>
    </FxCompile>
  </ItemGroup>
  <ItemGroup>
    <None Include="Resources\shaders\Sprite.hlsli">
      <Filter>シェーダー ファイル</Filter>
    </None>
    <None Include="Resources\shaders\Shape.hlsli">
      <Filter>シェーダー ファイル</Filter>
    </None>
    <None Include="Resources\shaders\Obj.hlsli">
      <Filter>シェーダー ファイル</Filter>
    </None>
    <None Include="Resources\shaders\Primitive.hlsli">
      <Filter>シェーダー ファイル</Filter>
    </None>
    <None Include="Resources\shaders\Terrain.hlsli">
      <Filter>シェーダー ファイル</Filter>
    </None>
  </ItemGroup>
  <ItemGroup>
    <ClInclude Include="mathStruct.h">
      <Filter>ヘッダー ファイル</Filter>
    </ClInclude>
    <ClInclude Include="Enemy.h">
      <Filter>Scene\Game</Filter>
    </ClInclude>
    <ClInclude Include="EnemyBullet.h">
      <Filter>Scene\Game</Filter>
    </ClInclude>
    <ClInclude Include="GameScene.h">
      <Filter>Scene\Game</Filter>
    </ClInclude>
    <ClInclude Include="PlayerBullet.h">
      <Filter>Scene\Game</Filter>
    </ClInclude>
    <ClInclude Include="Player.h">
      <Filter>Scene\Game</Filter>
    </ClInclude>
    <ClInclude Include="TitleScene.h">
      <Filter>Scene\Title</Filter>
    </ClInclude>
    <ClInclude Include="ResultScene.h">
      <Filter>Scene\Result</Filter>
    </ClInclude>
    <ClInclude Include="SceneManager.h">
      <Filter>Scene</Filter>
    </ClInclude>
    <ClInclude Include="IScene.h">
      <Filter>Scene</Filter>
    </ClInclude>
    <ClInclude Include="TitleLogo.h">
      <Filter>Scene\Title</Filter>
    </ClInclude>
  </ItemGroup>
</Project>